// !$*UTF8*$!
{
	archiveVersion = 1;
	classes = {
	};
	objectVersion = 46;
	objects = {

/* Begin PBXBuildFile section */
		50022EE407E6301F005710B9 /* Controller.m in Sources */ = {isa = PBXBuildFile; fileRef = 50022EE207E6301F005710B9 /* Controller.m */; };
		500230E807E63289005710B9 /* Localizable.strings in Resources */ = {isa = PBXBuildFile; fileRef = 500230E007E63289005710B9 /* Localizable.strings */; };
		50084011177C32E600766DCA /* NSAlert-Extensions.m in Sources */ = {isa = PBXBuildFile; fileRef = 50084010177C32E600766DCA /* NSAlert-Extensions.m */; };
		501195BE11529CDF00E54DF2 /* Quartz.framework in Frameworks */ = {isa = PBXBuildFile; fileRef = 501195BD11529CDF00E54DF2 /* Quartz.framework */; };
		5021C2FF113155FA0057F2D9 /* Dictionary.help in Resources */ = {isa = PBXBuildFile; fileRef = 5021C2F3113155FA0057F2D9 /* Dictionary.help */; };
		504E09A813005805006B5F4B /* BlueLocalization.framework in Frameworks */ = {isa = PBXBuildFile; fileRef = 504E09A413005805006B5F4B /* BlueLocalization.framework */; };
		504E09A913005805006B5F4B /* NibPreview.framework in Frameworks */ = {isa = PBXBuildFile; fileRef = 504E09A513005805006B5F4B /* NibPreview.framework */; };
		504E09AA13005805006B5F4B /* LocTools.framework in Frameworks */ = {isa = PBXBuildFile; fileRef = 504E09A613005805006B5F4B /* LocTools.framework */; };
		504E09AB13005805006B5F4B /* LocInterface.framework in Frameworks */ = {isa = PBXBuildFile; fileRef = 504E09A713005805006B5F4B /* LocInterface.framework */; };
		504E09AC1300580E006B5F4B /* BlueLocalization.framework in CopyFiles */ = {isa = PBXBuildFile; fileRef = 504E09A413005805006B5F4B /* BlueLocalization.framework */; };
		504E09AD1300580E006B5F4B /* NibPreview.framework in CopyFiles */ = {isa = PBXBuildFile; fileRef = 504E09A513005805006B5F4B /* NibPreview.framework */; };
		504E09AE1300580E006B5F4B /* LocTools.framework in CopyFiles */ = {isa = PBXBuildFile; fileRef = 504E09A613005805006B5F4B /* LocTools.framework */; };
		504E09AF1300580E006B5F4B /* LocInterface.framework in CopyFiles */ = {isa = PBXBuildFile; fileRef = 504E09A713005805006B5F4B /* LocInterface.framework */; };
		50823CB3110B1A0400E59A4A /* MainMenu.xib in Resources */ = {isa = PBXBuildFile; fileRef = 50823CB1110B1A0400E59A4A /* MainMenu.xib */; };
		50823CB7110B1A1300E59A4A /* Document.xib in Resources */ = {isa = PBXBuildFile; fileRef = 50823CB5110B1A1300E59A4A /* Document.xib */; };
		50823E23110B21CB00E59A4A /* Sparkle.framework in Frameworks */ = {isa = PBXBuildFile; fileRef = 50823E22110B21CB00E59A4A /* Sparkle.framework */; };
		50823E6F110B21D000E59A4A /* Sparkle.framework in CopyFiles */ = {isa = PBXBuildFile; fileRef = 50823E22110B21CB00E59A4A /* Sparkle.framework */; };
		50824217110B3B1B00E59A4A /* dsa_pub.pem in Resources */ = {isa = PBXBuildFile; fileRef = 50824216110B3B1B00E59A4A /* dsa_pub.pem */; };
		508C30F9110B578600EA6CAD /* GradientView.m in Sources */ = {isa = PBXBuildFile; fileRef = 508C30F8110B578600EA6CAD /* GradientView.m */; };
		50A886140A6E680800647446 /* AboutBox.rtf in Resources */ = {isa = PBXBuildFile; fileRef = 50A886120A6E680800647446 /* AboutBox.rtf */; };
		50D9AD3907E62F3600437F05 /* Localization Dictionary.icns in Resources */ = {isa = PBXBuildFile; fileRef = 50D9AD3507E62F3600437F05 /* Localization Dictionary.icns */; };
		8D15AC2F0486D014006FF6A4 /* InfoPlist.strings in Resources */ = {isa = PBXBuildFile; fileRef = 089C165FFE840EACC02AAC07 /* InfoPlist.strings */; };
		8D15AC310486D014006FF6A4 /* Document.m in Sources */ = {isa = PBXBuildFile; fileRef = 2A37F4ACFDCFA73011CA2CEA /* Document.m */; settings = {ATTRIBUTES = (); }; };
		8D15AC320486D014006FF6A4 /* main.m in Sources */ = {isa = PBXBuildFile; fileRef = 2A37F4B0FDCFA73011CA2CEA /* main.m */; settings = {ATTRIBUTES = (); }; };
		8D15AC340486D014006FF6A4 /* Cocoa.framework in Frameworks */ = {isa = PBXBuildFile; fileRef = 1058C7A7FEA54F5311CA2CBB /* Cocoa.framework */; };
/* End PBXBuildFile section */

/* Begin PBXCopyFilesBuildPhase section */
		50D9AD1F07E62EF800437F05 /* CopyFiles */ = {
			isa = PBXCopyFilesBuildPhase;
			buildActionMask = 2147483647;
			dstPath = "";
			dstSubfolderSpec = 10;
			files = (
				50823E6F110B21D000E59A4A /* Sparkle.framework in CopyFiles */,
				504E09AC1300580E006B5F4B /* BlueLocalization.framework in CopyFiles */,
				504E09AD1300580E006B5F4B /* NibPreview.framework in CopyFiles */,
				504E09AE1300580E006B5F4B /* LocTools.framework in CopyFiles */,
				504E09AF1300580E006B5F4B /* LocInterface.framework in CopyFiles */,
			);
			runOnlyForDeploymentPostprocessing = 0;
		};
/* End PBXCopyFilesBuildPhase section */

/* Begin PBXFileReference section */
		089C1660FE840EACC02AAC07 /* InfoPlist.strings */ = {isa = PBXFileReference; fileEncoding = 10; lastKnownFileType = text.plist.strings; name = InfoPlist.strings; path = Interface/English.lproj/InfoPlist.strings; sourceTree = "<group>"; };
		1058C7A7FEA54F5311CA2CBB /* Cocoa.framework */ = {isa = PBXFileReference; lastKnownFileType = wrapper.framework; name = Cocoa.framework; path = /System/Library/Frameworks/Cocoa.framework; sourceTree = "<absolute>"; };
		2A37F4ACFDCFA73011CA2CEA /* Document.m */ = {isa = PBXFileReference; fileEncoding = 4; lastKnownFileType = sourcecode.c.objc; name = Document.m; path = "Source/Main Classes/Document.m"; sourceTree = "<group>"; };
		2A37F4AEFDCFA73011CA2CEA /* Document.h */ = {isa = PBXFileReference; fileEncoding = 4; lastKnownFileType = sourcecode.c.h; name = Document.h; path = "Source/Main Classes/Document.h"; sourceTree = "<group>"; };
		2A37F4B0FDCFA73011CA2CEA /* main.m */ = {isa = PBXFileReference; fileEncoding = 4; lastKnownFileType = sourcecode.c.objc; name = main.m; path = Source/main.m; sourceTree = "<group>"; };
		2A37F4C4FDCFA73011CA2CEA /* AppKit.framework */ = {isa = PBXFileReference; lastKnownFileType = wrapper.framework; name = AppKit.framework; path = /System/Library/Frameworks/AppKit.framework; sourceTree = "<absolute>"; };
		2A37F4C5FDCFA73011CA2CEA /* Foundation.framework */ = {isa = PBXFileReference; lastKnownFileType = wrapper.framework; name = Foundation.framework; path = /System/Library/Frameworks/Foundation.framework; sourceTree = "<absolute>"; };
		32DBCF750370BD2300C91783 /* Localization Dictionary_Prefix.pch */ = {isa = PBXFileReference; fileEncoding = 4; lastKnownFileType = sourcecode.c.h; name = "Localization Dictionary_Prefix.pch"; path = "Source/Localization Dictionary_Prefix.pch"; sourceTree = "<group>"; };
		50022EE107E6301F005710B9 /* Controller.h */ = {isa = PBXFileReference; fileEncoding = 4; lastKnownFileType = sourcecode.c.h; name = Controller.h; path = "Source/Main Classes/Controller.h"; sourceTree = "<group>"; };
		50022EE207E6301F005710B9 /* Controller.m */ = {isa = PBXFileReference; fileEncoding = 4; lastKnownFileType = sourcecode.c.objc; name = Controller.m; path = "Source/Main Classes/Controller.m"; sourceTree = "<group>"; };
		500230E107E63289005710B9 /* English */ = {isa = PBXFileReference; fileEncoding = 4; lastKnownFileType = text.plist.strings; name = English; path = Interface/English.lproj/Localizable.strings; sourceTree = "<group>"; };
		5008400F177C32E600766DCA /* NSAlert-Extensions.h */ = {isa = PBXFileReference; fileEncoding = 4; lastKnownFileType = sourcecode.c.h; path = "NSAlert-Extensions.h"; sourceTree = "<group>"; };
		50084010177C32E600766DCA /* NSAlert-Extensions.m */ = {isa = PBXFileReference; fileEncoding = 4; lastKnownFileType = sourcecode.c.objc; path = "NSAlert-Extensions.m"; sourceTree = "<group>"; };
		501195BD11529CDF00E54DF2 /* Quartz.framework */ = {isa = PBXFileReference; lastKnownFileType = wrapper.framework; name = Quartz.framework; path = System/Library/Frameworks/Quartz.framework; sourceTree = SDKROOT; };
		5021C2F3113155FA0057F2D9 /* Dictionary.help */ = {isa = PBXFileReference; lastKnownFileType = folder; name = Dictionary.help; path = Resources/Dictionary.help; sourceTree = "<group>"; };
		504E09A413005805006B5F4B /* BlueLocalization.framework */ = {isa = PBXFileReference; explicitFileType = wrapper.framework; path = BlueLocalization.framework; sourceTree = BUILT_PRODUCTS_DIR; };
		504E09A513005805006B5F4B /* NibPreview.framework */ = {isa = PBXFileReference; explicitFileType = wrapper.framework; path = NibPreview.framework; sourceTree = BUILT_PRODUCTS_DIR; };
		504E09A613005805006B5F4B /* LocTools.framework */ = {isa = PBXFileReference; explicitFileType = wrapper.framework; path = LocTools.framework; sourceTree = BUILT_PRODUCTS_DIR; };
		504E09A713005805006B5F4B /* LocInterface.framework */ = {isa = PBXFileReference; explicitFileType = wrapper.framework; path = LocInterface.framework; sourceTree = BUILT_PRODUCTS_DIR; };
		50823CB2110B1A0400E59A4A /* English */ = {isa = PBXFileReference; lastKnownFileType = file.xib; name = English; path = Interface/English.lproj/MainMenu.xib; sourceTree = "<group>"; };
		50823CB6110B1A1300E59A4A /* English */ = {isa = PBXFileReference; lastKnownFileType = file.xib; name = English; path = Interface/English.lproj/Document.xib; sourceTree = "<group>"; };
		50823E22110B21CB00E59A4A /* Sparkle.framework */ = {isa = PBXFileReference; lastKnownFileType = wrapper.framework; name = Sparkle.framework; path = ../Shared/Frameworks/Sparkle.framework; sourceTree = SOURCE_ROOT; };
		50824216110B3B1B00E59A4A /* dsa_pub.pem */ = {isa = PBXFileReference; fileEncoding = 4; lastKnownFileType = text; name = dsa_pub.pem; path = ../Shared/Updates/dsa_pub.pem; sourceTree = SOURCE_ROOT; };
		508C30F7110B578600EA6CAD /* GradientView.h */ = {isa = PBXFileReference; fileEncoding = 4; lastKnownFileType = sourcecode.c.h; path = GradientView.h; sourceTree = "<group>"; };
		508C30F8110B578600EA6CAD /* GradientView.m */ = {isa = PBXFileReference; fileEncoding = 4; lastKnownFileType = sourcecode.c.objc; path = GradientView.m; sourceTree = "<group>"; };
		50A886130A6E680800647446 /* English */ = {isa = PBXFileReference; lastKnownFileType = text.rtf; name = English; path = Interface/English.lproj/AboutBox.rtf; sourceTree = "<group>"; };
		50D9AD3507E62F3600437F05 /* Localization Dictionary.icns */ = {isa = PBXFileReference; lastKnownFileType = image.icns; name = "Localization Dictionary.icns"; path = "Icons/Localization Dictionary.icns"; sourceTree = "<group>"; };
		8D15AC360486D014006FF6A4 /* Info.plist */ = {isa = PBXFileReference; fileEncoding = 4; lastKnownFileType = text.plist.xml; name = Info.plist; path = Resources/Info.plist; sourceTree = "<group>"; };
		8D15AC370486D014006FF6A4 /* Localization Dictionary.app */ = {isa = PBXFileReference; explicitFileType = wrapper.application; includeInIndex = 0; path = "Localization Dictionary.app"; sourceTree = BUILT_PRODUCTS_DIR; };
/* End PBXFileReference section */

/* Begin PBXFrameworksBuildPhase section */
		8D15AC330486D014006FF6A4 /* Frameworks */ = {
			isa = PBXFrameworksBuildPhase;
			buildActionMask = 2147483647;
			files = (
				8D15AC340486D014006FF6A4 /* Cocoa.framework in Frameworks */,
				50823E23110B21CB00E59A4A /* Sparkle.framework in Frameworks */,
				501195BE11529CDF00E54DF2 /* Quartz.framework in Frameworks */,
				504E09A813005805006B5F4B /* BlueLocalization.framework in Frameworks */,
				504E09A913005805006B5F4B /* NibPreview.framework in Frameworks */,
				504E09AA13005805006B5F4B /* LocTools.framework in Frameworks */,
				504E09AB13005805006B5F4B /* LocInterface.framework in Frameworks */,
			);
			runOnlyForDeploymentPostprocessing = 0;
		};
/* End PBXFrameworksBuildPhase section */

/* Begin PBXGroup section */
		19C28FB0FE9D524F11CA2CBB /* Products */ = {
			isa = PBXGroup;
			children = (
				8D15AC370486D014006FF6A4 /* Localization Dictionary.app */,
			);
			name = Products;
			sourceTree = "<group>";
		};
		2A37F4AAFDCFA73011CA2CEA /* Localization Dictionary */ = {
			isa = PBXGroup;
			children = (
				50172E121403AAA2006EFC17 /* Classes */,
				2A37F4AFFDCFA73011CA2CEA /* Other Sources */,
				2A37F4B8FDCFA73011CA2CEA /* Resources */,
				2A37F4C3FDCFA73011CA2CEA /* Frameworks */,
				19C28FB0FE9D524F11CA2CBB /* Products */,
			);
			name = "Localization Dictionary";
			sourceTree = "<group>";
		};
		2A37F4ABFDCFA73011CA2CEA /* Controllers */ = {
			isa = PBXGroup;
			children = (
				50022EE107E6301F005710B9 /* Controller.h */,
				50022EE207E6301F005710B9 /* Controller.m */,
				2A37F4AEFDCFA73011CA2CEA /* Document.h */,
				2A37F4ACFDCFA73011CA2CEA /* Document.m */,
			);
			name = Controllers;
			sourceTree = "<group>";
		};
		2A37F4AFFDCFA73011CA2CEA /* Other Sources */ = {
			isa = PBXGroup;
			children = (
				32DBCF750370BD2300C91783 /* Localization Dictionary_Prefix.pch */,
				2A37F4B0FDCFA73011CA2CEA /* main.m */,
			);
			name = "Other Sources";
			sourceTree = "<group>";
		};
		2A37F4B8FDCFA73011CA2CEA /* Resources */ = {
			isa = PBXGroup;
			children = (
				50823CB1110B1A0400E59A4A /* MainMenu.xib */,
				50823CB5110B1A1300E59A4A /* Document.xib */,
				50A886120A6E680800647446 /* AboutBox.rtf */,
				8D15AC360486D014006FF6A4 /* Info.plist */,
				089C165FFE840EACC02AAC07 /* InfoPlist.strings */,
				500230E007E63289005710B9 /* Localizable.strings */,
				50D9AD3507E62F3600437F05 /* Localization Dictionary.icns */,
				5021C2F3113155FA0057F2D9 /* Dictionary.help */,
				50824216110B3B1B00E59A4A /* dsa_pub.pem */,
			);
			name = Resources;
			sourceTree = "<group>";
		};
		2A37F4C3FDCFA73011CA2CEA /* Frameworks */ = {
			isa = PBXGroup;
			children = (
				1058C7A7FEA54F5311CA2CBB /* Cocoa.framework */,
				50823E22110B21CB00E59A4A /* Sparkle.framework */,
				501195BD11529CDF00E54DF2 /* Quartz.framework */,
				2A37F4C5FDCFA73011CA2CEA /* Foundation.framework */,
				2A37F4C4FDCFA73011CA2CEA /* AppKit.framework */,
				504E09A413005805006B5F4B /* BlueLocalization.framework */,
				504E09A513005805006B5F4B /* NibPreview.framework */,
				504E09A613005805006B5F4B /* LocTools.framework */,
				504E09A713005805006B5F4B /* LocInterface.framework */,
			);
			name = Frameworks;
			sourceTree = "<group>";
		};
		50172E121403AAA2006EFC17 /* Classes */ = {
			isa = PBXGroup;
			children = (
				2A37F4ABFDCFA73011CA2CEA /* Controllers */,
				508C30F6110B577C00EA6CAD /* Interface */,
				50172E131403AAB0006EFC17 /* Other */,
			);
			name = Classes;
			sourceTree = "<group>";
		};
		50172E131403AAB0006EFC17 /* Other */ = {
			isa = PBXGroup;
			children = (
				5008400F177C32E600766DCA /* NSAlert-Extensions.h */,
				50084010177C32E600766DCA /* NSAlert-Extensions.m */,
			);
			name = Other;
			path = ../Shared/Source;
			sourceTree = "<group>";
		};
		508C30F6110B577C00EA6CAD /* Interface */ = {
			isa = PBXGroup;
			children = (
				508C30F7110B578600EA6CAD /* GradientView.h */,
				508C30F8110B578600EA6CAD /* GradientView.m */,
			);
			name = Interface;
			path = Source/Interface;
			sourceTree = "<group>";
		};
/* End PBXGroup section */

/* Begin PBXNativeTarget section */
		8D15AC270486D014006FF6A4 /* Localization Dictionary */ = {
			isa = PBXNativeTarget;
			buildConfigurationList = 50A883FC0A6E65A500647446 /* Build configuration list for PBXNativeTarget "Localization Dictionary" */;
			buildPhases = (
				8D15AC2B0486D014006FF6A4 /* Resources */,
				8D15AC300486D014006FF6A4 /* Sources */,
				8D15AC330486D014006FF6A4 /* Frameworks */,
				50D9AD1F07E62EF800437F05 /* CopyFiles */,
				50D9AD4F07E62F7E00437F05 /* ShellScript */,
			);
			buildRules = (
			);
			dependencies = (
			);
			name = "Localization Dictionary";
			productInstallPath = "$(HOME)/Applications";
			productName = "Localization Dictionary";
			productReference = 8D15AC370486D014006FF6A4 /* Localization Dictionary.app */;
			productType = "com.apple.product-type.application";
		};
/* End PBXNativeTarget section */

/* Begin PBXProject section */
		2A37F4A9FDCFA73011CA2CEA /* Project object */ = {
			isa = PBXProject;
			attributes = {
				BuildIndependentTargetsInParallel = YES;
				LastUpgradeCheck = 0420;
				ORGANIZATIONNAME = "Localization Suite";
			};
			buildConfigurationList = 50A884000A6E65A500647446 /* Build configuration list for PBXProject "Localization Dictionary" */;
			compatibilityVersion = "Xcode 3.2";
			developmentRegion = English;
			hasScannedForEncodings = 1;
			knownRegions = (
				English,
				Japanese,
				French,
				German,
			);
			mainGroup = 2A37F4AAFDCFA73011CA2CEA /* Localization Dictionary */;
			projectDirPath = "";
			projectRoot = "";
			targets = (
				8D15AC270486D014006FF6A4 /* Localization Dictionary */,
			);
		};
/* End PBXProject section */

/* Begin PBXResourcesBuildPhase section */
		8D15AC2B0486D014006FF6A4 /* Resources */ = {
			isa = PBXResourcesBuildPhase;
			buildActionMask = 2147483647;
			files = (
				8D15AC2F0486D014006FF6A4 /* InfoPlist.strings in Resources */,
				50D9AD3907E62F3600437F05 /* Localization Dictionary.icns in Resources */,
				500230E807E63289005710B9 /* Localizable.strings in Resources */,
				50A886140A6E680800647446 /* AboutBox.rtf in Resources */,
				50823CB3110B1A0400E59A4A /* MainMenu.xib in Resources */,
				50823CB7110B1A1300E59A4A /* Document.xib in Resources */,
				50824217110B3B1B00E59A4A /* dsa_pub.pem in Resources */,
				5021C2FF113155FA0057F2D9 /* Dictionary.help in Resources */,
			);
			runOnlyForDeploymentPostprocessing = 0;
		};
/* End PBXResourcesBuildPhase section */

/* Begin PBXShellScriptBuildPhase section */
		50D9AD4F07E62F7E00437F05 /* ShellScript */ = {
			isa = PBXShellScriptBuildPhase;
			buildActionMask = 2147483647;
			files = (
			);
			inputPaths = (
			);
			outputPaths = (
			);
			runOnlyForDeploymentPostprocessing = 0;
			shellPath = /bin/sh;
			shellScript = "\necho \"Updating build number\"\n\ncd \"$SRCROOT/../Shared/Tools\"\n./buildnumber -d \"$BUILD_DIR/$INFOPLIST_PATH\"\n./buildnumber -d \"$PRODUCT_SETTINGS_PATH\"\n\necho \"Done\"\n";
		};
/* End PBXShellScriptBuildPhase section */

/* Begin PBXSourcesBuildPhase section */
		8D15AC300486D014006FF6A4 /* Sources */ = {
			isa = PBXSourcesBuildPhase;
			buildActionMask = 2147483647;
			files = (
				8D15AC310486D014006FF6A4 /* Document.m in Sources */,
				8D15AC320486D014006FF6A4 /* main.m in Sources */,
				50022EE407E6301F005710B9 /* Controller.m in Sources */,
				508C30F9110B578600EA6CAD /* GradientView.m in Sources */,
				50084011177C32E600766DCA /* NSAlert-Extensions.m in Sources */,
			);
			runOnlyForDeploymentPostprocessing = 0;
		};
/* End PBXSourcesBuildPhase section */

/* Begin PBXVariantGroup section */
		089C165FFE840EACC02AAC07 /* InfoPlist.strings */ = {
			isa = PBXVariantGroup;
			children = (
				089C1660FE840EACC02AAC07 /* InfoPlist.strings */,
			);
			name = InfoPlist.strings;
			sourceTree = "<group>";
		};
		500230E007E63289005710B9 /* Localizable.strings */ = {
			isa = PBXVariantGroup;
			children = (
				500230E107E63289005710B9 /* English */,
			);
			name = Localizable.strings;
			sourceTree = "<group>";
		};
		50823CB1110B1A0400E59A4A /* MainMenu.xib */ = {
			isa = PBXVariantGroup;
			children = (
				50823CB2110B1A0400E59A4A /* English */,
			);
			name = MainMenu.xib;
			sourceTree = "<group>";
		};
		50823CB5110B1A1300E59A4A /* Document.xib */ = {
			isa = PBXVariantGroup;
			children = (
				50823CB6110B1A1300E59A4A /* English */,
			);
			name = Document.xib;
			sourceTree = "<group>";
		};
		50A886120A6E680800647446 /* AboutBox.rtf */ = {
			isa = PBXVariantGroup;
			children = (
				50A886130A6E680800647446 /* English */,
			);
			name = AboutBox.rtf;
			sourceTree = "<group>";
		};
/* End PBXVariantGroup section */

/* Begin XCBuildConfiguration section */
		50A883FD0A6E65A500647446 /* Debug */ = {
			isa = XCBuildConfiguration;
			buildSettings = {
				CODE_SIGN_IDENTITY = "Mac Developer";
				COPY_PHASE_STRIP = NO;
				FRAMEWORK_SEARCH_PATHS = "\"$(SRCROOT)/../Shared/Frameworks\"";
				GCC_C_LANGUAGE_STANDARD = gnu99;
				GCC_OPTIMIZATION_LEVEL = 0;
				GCC_PRECOMPILE_PREFIX_HEADER = YES;
				GCC_PREFIX_HEADER = "Source/Localization Dictionary_Prefix.pch";
				INFOPLIST_FILE = Resources/Info.plist;
				LD_RUNPATH_SEARCH_PATHS = /Developer/Library/PrivateFrameworks/;
				OTHER_CODE_SIGN_FLAGS = "--timestamp=none";
				PRODUCT_NAME = "Localization Dictionary";
				PROVISIONING_PROFILE = "";
				WARNING_CFLAGS = "-Wmost";
				WRAPPER_EXTENSION = app;
			};
			name = Debug;
		};
		50A883FE0A6E65A500647446 /* Release */ = {
			isa = XCBuildConfiguration;
			buildSettings = {
				CODE_SIGN_IDENTITY = "Developer ID Application: The Soulmen GBR";
				COPY_PHASE_STRIP = NO;
				DEBUG_INFORMATION_FORMAT = "dwarf-with-dsym";
				FRAMEWORK_SEARCH_PATHS = "\"$(SRCROOT)/../Shared/Frameworks\"";
				GCC_C_LANGUAGE_STANDARD = gnu99;
				GCC_PRECOMPILE_PREFIX_HEADER = YES;
				GCC_PREFIX_HEADER = "Source/Localization Dictionary_Prefix.pch";
				INFOPLIST_FILE = Resources/Info.plist;
				LD_RUNPATH_SEARCH_PATHS = /Developer/Library/PrivateFrameworks/;
				OTHER_CODE_SIGN_FLAGS = "--timestamp=none";
				PRODUCT_NAME = "Localization Dictionary";
				PROVISIONING_PROFILE = "";
				WARNING_CFLAGS = "-Wmost";
				WRAPPER_EXTENSION = app;
			};
			name = Release;
		};
		50A884010A6E65A500647446 /* Debug */ = {
			isa = XCBuildConfiguration;
			buildSettings = {
				ARCHS = "$(ARCHS_STANDARD_64_BIT)";
				CLANG_ENABLE_OBJC_ARC = YES;
				GCC_VERSION = com.apple.compilers.llvm.clang.1_0;
				MACOSX_DEPLOYMENT_TARGET = 10.6;
				ONLY_ACTIVE_ARCH = YES;
				SDKROOT = macosx;
			};
			name = Debug;
		};
		50A884020A6E65A500647446 /* Release */ = {
			isa = XCBuildConfiguration;
			buildSettings = {
				ARCHS = "$(ARCHS_STANDARD_64_BIT)";
				CLANG_ENABLE_OBJC_ARC = YES;
				GCC_VERSION = com.apple.compilers.llvm.clang.1_0;
				MACOSX_DEPLOYMENT_TARGET = 10.6;
				SDKROOT = macosx;
			};
			name = Release;
		};
/* End XCBuildConfiguration section */

/* Begin XCConfigurationList section */
		50A883FC0A6E65A500647446 /* Build configuration list for PBXNativeTarget "Localization Dictionary" */ = {
			isa = XCConfigurationList;
			buildConfigurations = (
				50A883FD0A6E65A500647446 /* Debug */,
				50A883FE0A6E65A500647446 /* Release */,
			);
			defaultConfigurationIsVisible = 0;
			defaultConfigurationName = Release;
		};
		50A884000A6E65A500647446 /* Build configuration list for PBXProject "Localization Dictionary" */ = {
			isa = XCConfigurationList;
			buildConfigurations = (
				50A884010A6E65A500647446 /* Debug */,
				50A884020A6E65A500647446 /* Release */,
			);
			defaultConfigurationIsVisible = 0;
			defaultConfigurationName = Release;
		};
/* End XCConfigurationList section */
	};
	rootObject = 2A37F4A9FDCFA73011CA2CEA /* Project object */;
}
