// !$*UTF8*$!
{
	archiveVersion = 1;
	classes = {
	};
	objectVersion = 46;
	objects = {

/* Begin PBXBuildFile section */
		50234D061404DC3F0069676A /* Cocoa.framework in Frameworks */ = {isa = PBXBuildFile; fileRef = 50234D051404DC3F0069676A /* Cocoa.framework */; };
		503E127F1404DA30009FA279 /* SenTestingKit.framework in Frameworks */ = {isa = PBXBuildFile; fileRef = 503E127E1404DA30009FA279 /* SenTestingKit.framework */; };
		503E12801404DA30009FA279 /* Cocoa.framework in Frameworks */ = {isa = PBXBuildFile; fileRef = 1058C7A1FEA54F0111CA2CBB /* Cocoa.framework */; };
		503E12921404DAB8009FA279 /* DescriptionLoaderTest.m in Sources */ = {isa = PBXBuildFile; fileRef = 509255880F5C7BF700146257 /* DescriptionLoaderTest.m */; };
		503E12931404DAB8009FA279 /* PreviewBuilderTest.m in Sources */ = {isa = PBXBuildFile; fileRef = 509257FF0F5CC06B00146257 /* PreviewBuilderTest.m */; };
		503E12941404DAB8009FA279 /* BundleLoaderTest.m in Sources */ = {isa = PBXBuildFile; fileRef = 5021D9FA0F669904002ACAF6 /* BundleLoaderTest.m */; };
		503E12951404DAB8009FA279 /* PreviewWriteTest.m in Sources */ = {isa = PBXBuildFile; fileRef = 5051125E11D57030003A53D7 /* PreviewWriteTest.m */; };
		503E12961404DAC7009FA279 /* Test Data in Resources */ = {isa = PBXBuildFile; fileRef = 509255A70F5C7D1F00146257 /* Test Data */; };
		503E12971404DACF009FA279 /* NibPreview.framework in Frameworks */ = {isa = PBXBuildFile; fileRef = 50CE95AD0F5BC41500026BB5 /* NibPreview.framework */; };
		503E12981404DACF009FA279 /* BlueLocalization.framework in Frameworks */ = {isa = PBXBuildFile; fileRef = 504E09B013005832006B5F4B /* BlueLocalization.framework */; };
		503E12991404DADA009FA279 /* OCMock.framework in Frameworks */ = {isa = PBXBuildFile; fileRef = 5092570F0F5CB24800146257 /* OCMock.framework */; };
		504E09B113005832006B5F4B /* BlueLocalization.framework in Frameworks */ = {isa = PBXBuildFile; fileRef = 504E09B013005832006B5F4B /* BlueLocalization.framework */; };
		5051122B11D56F21003A53D7 /* NPBundleLoader.h in Headers */ = {isa = PBXBuildFile; fileRef = 5051120D11D56F21003A53D7 /* NPBundleLoader.h */; };
		5051122C11D56F21003A53D7 /* NPBundleLoader.m in Sources */ = {isa = PBXBuildFile; fileRef = 5051120E11D56F21003A53D7 /* NPBundleLoader.m */; };
		5051122D11D56F21003A53D7 /* NPDescriptionLoader.h in Headers */ = {isa = PBXBuildFile; fileRef = 5051120F11D56F21003A53D7 /* NPDescriptionLoader.h */; };
		5051122E11D56F21003A53D7 /* NPDescriptionLoader.m in Sources */ = {isa = PBXBuildFile; fileRef = 5051121011D56F21003A53D7 /* NPDescriptionLoader.m */; };
		5051122F11D56F21003A53D7 /* NPObjectPropertyExtensions.h in Headers */ = {isa = PBXBuildFile; fileRef = 5051121111D56F21003A53D7 /* NPObjectPropertyExtensions.h */; };
		5051123011D56F21003A53D7 /* NPObjectPropertyExtensions.m in Sources */ = {isa = PBXBuildFile; fileRef = 5051121211D56F21003A53D7 /* NPObjectPropertyExtensions.m */; };
		5051123111D56F21003A53D7 /* NPPreviewBuilder.h in Headers */ = {isa = PBXBuildFile; fileRef = 5051121311D56F21003A53D7 /* NPPreviewBuilder.h */; };
		5051123211D56F21003A53D7 /* NPPreviewBuilder.m in Sources */ = {isa = PBXBuildFile; fileRef = 5051121411D56F21003A53D7 /* NPPreviewBuilder.m */; };
		5051123311D56F21003A53D7 /* NPPreview.h in Headers */ = {isa = PBXBuildFile; fileRef = 5051121511D56F21003A53D7 /* NPPreview.h */; settings = {ATTRIBUTES = (Public, ); }; };
		5051123411D56F21003A53D7 /* NPPreview.m in Sources */ = {isa = PBXBuildFile; fileRef = 5051121611D56F21003A53D7 /* NPPreview.m */; };
		5051123511D56F21003A53D7 /* NPObject.h in Headers */ = {isa = PBXBuildFile; fileRef = 5051121811D56F21003A53D7 /* NPObject.h */; settings = {ATTRIBUTES = (Public, ); }; };
		5051123611D56F21003A53D7 /* NPObject.m in Sources */ = {isa = PBXBuildFile; fileRef = 5051121911D56F21003A53D7 /* NPObject.m */; };
		5051123711D56F21003A53D7 /* NPObjectInterfaceExtensions.h in Headers */ = {isa = PBXBuildFile; fileRef = 5051121A11D56F21003A53D7 /* NPObjectInterfaceExtensions.h */; };
		5051123811D56F21003A53D7 /* NPObjectInterfaceExtensions.m in Sources */ = {isa = PBXBuildFile; fileRef = 5051121B11D56F21003A53D7 /* NPObjectInterfaceExtensions.m */; };
		5051123911D56F21003A53D7 /* NPObjectInternal.h in Headers */ = {isa = PBXBuildFile; fileRef = 5051121C11D56F21003A53D7 /* NPObjectInternal.h */; };
		5051123A11D56F21003A53D7 /* NPWindowObject.h in Headers */ = {isa = PBXBuildFile; fileRef = 5051121D11D56F21003A53D7 /* NPWindowObject.h */; };
		5051123B11D56F21003A53D7 /* NPWindowObject.m in Sources */ = {isa = PBXBuildFile; fileRef = 5051121E11D56F21003A53D7 /* NPWindowObject.m */; };
		5051123C11D56F21003A53D7 /* NPColorAdditions.h in Headers */ = {isa = PBXBuildFile; fileRef = 5051122011D56F21003A53D7 /* NPColorAdditions.h */; };
		5051123D11D56F21003A53D7 /* NPColorAdditions.m in Sources */ = {isa = PBXBuildFile; fileRef = 5051122111D56F21003A53D7 /* NPColorAdditions.m */; };
		5051123E11D56F21003A53D7 /* NPFontAdditions.h in Headers */ = {isa = PBXBuildFile; fileRef = 5051122211D56F21003A53D7 /* NPFontAdditions.h */; };
		5051123F11D56F21003A53D7 /* NPFontAdditions.m in Sources */ = {isa = PBXBuildFile; fileRef = 5051122311D56F21003A53D7 /* NPFontAdditions.m */; };
		5051124011D56F21003A53D7 /* NPKeyObjectAdditions.h in Headers */ = {isa = PBXBuildFile; fileRef = 5051122411D56F21003A53D7 /* NPKeyObjectAdditions.h */; settings = {ATTRIBUTES = (Public, ); }; };
		5051124111D56F21003A53D7 /* NPKeyObjectAdditions.m in Sources */ = {isa = PBXBuildFile; fileRef = 5051122511D56F21003A53D7 /* NPKeyObjectAdditions.m */; };
		5051124211D56F21003A53D7 /* NPLazyStringValue.h in Headers */ = {isa = PBXBuildFile; fileRef = 5051122611D56F21003A53D7 /* NPLazyStringValue.h */; };
		5051124311D56F21003A53D7 /* NPLazyStringValue.m in Sources */ = {isa = PBXBuildFile; fileRef = 5051122711D56F21003A53D7 /* NPLazyStringValue.m */; };
		5051124411D56F21003A53D7 /* NPWindowView.h in Headers */ = {isa = PBXBuildFile; fileRef = 5051122911D56F21003A53D7 /* NPWindowView.h */; };
		5051124511D56F21003A53D7 /* NPWindowView.m in Sources */ = {isa = PBXBuildFile; fileRef = 5051122A11D56F21003A53D7 /* NPWindowView.m */; };
		508C547114054B3100D354A0 /* Text.rtf in Resources */ = {isa = PBXBuildFile; fileRef = 508C547014054B3100D354A0 /* Text.rtf */; };
		509254F40F5C68F000146257 /* NibPreview.h in Headers */ = {isa = PBXBuildFile; fileRef = 509254E30F5C68F000146257 /* NibPreview.h */; settings = {ATTRIBUTES = (Public, ); }; };
/* End PBXBuildFile section */

/* Begin PBXContainerItemProxy section */
		500158F414053181007D64B7 /* PBXContainerItemProxy */ = {
			isa = PBXContainerItemProxy;
			containerPortal = 29B97313FDCFA39411CA2CEA /* Project object */;
			proxyType = 1;
			remoteGlobalIDString = 50CE95AC0F5BC41500026BB5;
			remoteInfo = NibPreview;
		};
/* End PBXContainerItemProxy section */

/* Begin PBXFileReference section */
		1058C7A1FEA54F0111CA2CBB /* Cocoa.framework */ = {isa = PBXFileReference; lastKnownFileType = wrapper.framework; name = Cocoa.framework; path = /System/Library/Frameworks/Cocoa.framework; sourceTree = "<absolute>"; };
		13E42FB307B3F0F600E4EEF1 /* CoreData.framework */ = {isa = PBXFileReference; lastKnownFileType = wrapper.framework; name = CoreData.framework; path = /System/Library/Frameworks/CoreData.framework; sourceTree = "<absolute>"; };
		29B97324FDCFA39411CA2CEA /* AppKit.framework */ = {isa = PBXFileReference; lastKnownFileType = wrapper.framework; name = AppKit.framework; path = /System/Library/Frameworks/AppKit.framework; sourceTree = "<absolute>"; };
		29B97325FDCFA39411CA2CEA /* Foundation.framework */ = {isa = PBXFileReference; lastKnownFileType = wrapper.framework; name = Foundation.framework; path = /System/Library/Frameworks/Foundation.framework; sourceTree = "<absolute>"; };
		5021D9F90F669904002ACAF6 /* BundleLoaderTest.h */ = {isa = PBXFileReference; fileEncoding = 4; lastKnownFileType = sourcecode.c.h; path = BundleLoaderTest.h; sourceTree = "<group>"; };
		5021D9FA0F669904002ACAF6 /* BundleLoaderTest.m */ = {isa = PBXFileReference; fileEncoding = 4; lastKnownFileType = sourcecode.c.objc; path = BundleLoaderTest.m; sourceTree = "<group>"; };
		50234D051404DC3F0069676A /* Cocoa.framework */ = {isa = PBXFileReference; lastKnownFileType = wrapper.framework; name = Cocoa.framework; path = System/Library/Frameworks/Cocoa.framework; sourceTree = SDKROOT; };
		503E127D1404DA30009FA279 /* NibPreview Tests.octest */ = {isa = PBXFileReference; explicitFileType = wrapper.cfbundle; includeInIndex = 0; path = "NibPreview Tests.octest"; sourceTree = BUILT_PRODUCTS_DIR; };
		503E127E1404DA30009FA279 /* SenTestingKit.framework */ = {isa = PBXFileReference; lastKnownFileType = wrapper.framework; name = SenTestingKit.framework; path = Library/Frameworks/SenTestingKit.framework; sourceTree = DEVELOPER_DIR; };
		504E09B013005832006B5F4B /* BlueLocalization.framework */ = {isa = PBXFileReference; explicitFileType = wrapper.framework; path = BlueLocalization.framework; sourceTree = BUILT_PRODUCTS_DIR; };
		5051120D11D56F21003A53D7 /* NPBundleLoader.h */ = {isa = PBXFileReference; fileEncoding = 4; lastKnownFileType = sourcecode.c.h; path = NPBundleLoader.h; sourceTree = "<group>"; };
		5051120E11D56F21003A53D7 /* NPBundleLoader.m */ = {isa = PBXFileReference; fileEncoding = 4; lastKnownFileType = sourcecode.c.objc; path = NPBundleLoader.m; sourceTree = "<group>"; };
		5051120F11D56F21003A53D7 /* NPDescriptionLoader.h */ = {isa = PBXFileReference; fileEncoding = 4; lastKnownFileType = sourcecode.c.h; path = NPDescriptionLoader.h; sourceTree = "<group>"; };
		5051121011D56F21003A53D7 /* NPDescriptionLoader.m */ = {isa = PBXFileReference; fileEncoding = 4; lastKnownFileType = sourcecode.c.objc; path = NPDescriptionLoader.m; sourceTree = "<group>"; };
		5051121111D56F21003A53D7 /* NPObjectPropertyExtensions.h */ = {isa = PBXFileReference; fileEncoding = 4; lastKnownFileType = sourcecode.c.h; path = NPObjectPropertyExtensions.h; sourceTree = "<group>"; };
		5051121211D56F21003A53D7 /* NPObjectPropertyExtensions.m */ = {isa = PBXFileReference; fileEncoding = 4; lastKnownFileType = sourcecode.c.objc; path = NPObjectPropertyExtensions.m; sourceTree = "<group>"; };
		5051121311D56F21003A53D7 /* NPPreviewBuilder.h */ = {isa = PBXFileReference; fileEncoding = 4; lastKnownFileType = sourcecode.c.h; path = NPPreviewBuilder.h; sourceTree = "<group>"; };
		5051121411D56F21003A53D7 /* NPPreviewBuilder.m */ = {isa = PBXFileReference; fileEncoding = 4; lastKnownFileType = sourcecode.c.objc; path = NPPreviewBuilder.m; sourceTree = "<group>"; };
		5051121511D56F21003A53D7 /* NPPreview.h */ = {isa = PBXFileReference; fileEncoding = 4; lastKnownFileType = sourcecode.c.h; path = NPPreview.h; sourceTree = "<group>"; };
		5051121611D56F21003A53D7 /* NPPreview.m */ = {isa = PBXFileReference; fileEncoding = 4; lastKnownFileType = sourcecode.c.objc; path = NPPreview.m; sourceTree = "<group>"; };
		5051121811D56F21003A53D7 /* NPObject.h */ = {isa = PBXFileReference; fileEncoding = 4; lastKnownFileType = sourcecode.c.h; path = NPObject.h; sourceTree = "<group>"; };
		5051121911D56F21003A53D7 /* NPObject.m */ = {isa = PBXFileReference; fileEncoding = 4; lastKnownFileType = sourcecode.c.objc; path = NPObject.m; sourceTree = "<group>"; };
		5051121A11D56F21003A53D7 /* NPObjectInterfaceExtensions.h */ = {isa = PBXFileReference; fileEncoding = 4; lastKnownFileType = sourcecode.c.h; path = NPObjectInterfaceExtensions.h; sourceTree = "<group>"; };
		5051121B11D56F21003A53D7 /* NPObjectInterfaceExtensions.m */ = {isa = PBXFileReference; fileEncoding = 4; lastKnownFileType = sourcecode.c.objc; path = NPObjectInterfaceExtensions.m; sourceTree = "<group>"; };
		5051121C11D56F21003A53D7 /* NPObjectInternal.h */ = {isa = PBXFileReference; fileEncoding = 4; lastKnownFileType = sourcecode.c.h; path = NPObjectInternal.h; sourceTree = "<group>"; };
		5051121D11D56F21003A53D7 /* NPWindowObject.h */ = {isa = PBXFileReference; fileEncoding = 4; lastKnownFileType = sourcecode.c.h; path = NPWindowObject.h; sourceTree = "<group>"; };
		5051121E11D56F21003A53D7 /* NPWindowObject.m */ = {isa = PBXFileReference; fileEncoding = 4; lastKnownFileType = sourcecode.c.objc; path = NPWindowObject.m; sourceTree = "<group>"; };
		5051122011D56F21003A53D7 /* NPColorAdditions.h */ = {isa = PBXFileReference; fileEncoding = 4; lastKnownFileType = sourcecode.c.h; path = NPColorAdditions.h; sourceTree = "<group>"; };
		5051122111D56F21003A53D7 /* NPColorAdditions.m */ = {isa = PBXFileReference; fileEncoding = 4; lastKnownFileType = sourcecode.c.objc; path = NPColorAdditions.m; sourceTree = "<group>"; };
		5051122211D56F21003A53D7 /* NPFontAdditions.h */ = {isa = PBXFileReference; fileEncoding = 4; lastKnownFileType = sourcecode.c.h; path = NPFontAdditions.h; sourceTree = "<group>"; };
		5051122311D56F21003A53D7 /* NPFontAdditions.m */ = {isa = PBXFileReference; fileEncoding = 4; lastKnownFileType = sourcecode.c.objc; path = NPFontAdditions.m; sourceTree = "<group>"; };
		5051122411D56F21003A53D7 /* NPKeyObjectAdditions.h */ = {isa = PBXFileReference; fileEncoding = 4; lastKnownFileType = sourcecode.c.h; path = NPKeyObjectAdditions.h; sourceTree = "<group>"; };
		5051122511D56F21003A53D7 /* NPKeyObjectAdditions.m */ = {isa = PBXFileReference; fileEncoding = 4; lastKnownFileType = sourcecode.c.objc; path = NPKeyObjectAdditions.m; sourceTree = "<group>"; };
		5051122611D56F21003A53D7 /* NPLazyStringValue.h */ = {isa = PBXFileReference; fileEncoding = 4; lastKnownFileType = sourcecode.c.h; path = NPLazyStringValue.h; sourceTree = "<group>"; };
		5051122711D56F21003A53D7 /* NPLazyStringValue.m */ = {isa = PBXFileReference; fileEncoding = 4; lastKnownFileType = sourcecode.c.objc; path = NPLazyStringValue.m; sourceTree = "<group>"; };
		5051122911D56F21003A53D7 /* NPWindowView.h */ = {isa = PBXFileReference; fileEncoding = 4; lastKnownFileType = sourcecode.c.h; path = NPWindowView.h; sourceTree = "<group>"; };
		5051122A11D56F21003A53D7 /* NPWindowView.m */ = {isa = PBXFileReference; fileEncoding = 4; lastKnownFileType = sourcecode.c.objc; path = NPWindowView.m; sourceTree = "<group>"; };
		5051125D11D57030003A53D7 /* PreviewWriteTest.h */ = {isa = PBXFileReference; fileEncoding = 4; lastKnownFileType = sourcecode.c.h; path = PreviewWriteTest.h; sourceTree = "<group>"; };
		5051125E11D57030003A53D7 /* PreviewWriteTest.m */ = {isa = PBXFileReference; fileEncoding = 4; lastKnownFileType = sourcecode.c.objc; path = PreviewWriteTest.m; sourceTree = "<group>"; };
		507F061514052B9C0008D824 /* AppKit.framework */ = {isa = PBXFileReference; lastKnownFileType = wrapper.framework; name = AppKit.framework; path = System/Library/Frameworks/AppKit.framework; sourceTree = SDKROOT; };
		507F061614052B9C0008D824 /* CoreData.framework */ = {isa = PBXFileReference; lastKnownFileType = wrapper.framework; name = CoreData.framework; path = System/Library/Frameworks/CoreData.framework; sourceTree = SDKROOT; };
		507F061714052B9C0008D824 /* Foundation.framework */ = {isa = PBXFileReference; lastKnownFileType = wrapper.framework; name = Foundation.framework; path = System/Library/Frameworks/Foundation.framework; sourceTree = SDKROOT; };
		50857BBE0F5C5448009B4DFE /* NibPreview-Info.plist */ = {isa = PBXFileReference; fileEncoding = 4; lastKnownFileType = text.plist.xml; name = "NibPreview-Info.plist"; path = "Resources/NibPreview-Info.plist"; sourceTree = "<group>"; };
		508C547014054B3100D354A0 /* Text.rtf */ = {isa = PBXFileReference; fileEncoding = 4; lastKnownFileType = text.rtf; name = Text.rtf; path = Data/Text.rtf; sourceTree = "<group>"; };
		509254E30F5C68F000146257 /* NibPreview.h */ = {isa = PBXFileReference; fileEncoding = 4; lastKnownFileType = sourcecode.c.h; path = NibPreview.h; sourceTree = "<group>"; };
		509254E40F5C68F000146257 /* NibPreview_Prefix.h */ = {isa = PBXFileReference; fileEncoding = 4; lastKnownFileType = sourcecode.c.h; path = NibPreview_Prefix.h; sourceTree = "<group>"; };
		509255870F5C7BF700146257 /* DescriptionLoaderTest.h */ = {isa = PBXFileReference; fileEncoding = 4; lastKnownFileType = sourcecode.c.h; path = DescriptionLoaderTest.h; sourceTree = "<group>"; };
		509255880F5C7BF700146257 /* DescriptionLoaderTest.m */ = {isa = PBXFileReference; fileEncoding = 4; lastKnownFileType = sourcecode.c.objc; path = DescriptionLoaderTest.m; sourceTree = "<group>"; };
		5092558A0F5C7C1F00146257 /* UnitTests_Prefix.h */ = {isa = PBXFileReference; fileEncoding = 4; lastKnownFileType = sourcecode.c.h; path = UnitTests_Prefix.h; sourceTree = "<group>"; };
		509255A70F5C7D1F00146257 /* Test Data */ = {isa = PBXFileReference; lastKnownFileType = folder; name = "Test Data"; path = "Resources/Test Data"; sourceTree = "<group>"; };
		5092570F0F5CB24800146257 /* OCMock.framework */ = {isa = PBXFileReference; lastKnownFileType = wrapper.framework; name = OCMock.framework; path = ../Shared/Frameworks/OCMock.framework; sourceTree = "<group>"; };
		509257C30F5CBBC900146257 /* Unit Tests-Info.plist */ = {isa = PBXFileReference; fileEncoding = 4; lastKnownFileType = text.plist.xml; name = "Unit Tests-Info.plist"; path = "Resources/Unit Tests-Info.plist"; sourceTree = "<group>"; };
		509257FE0F5CC06B00146257 /* PreviewBuilderTest.h */ = {isa = PBXFileReference; fileEncoding = 4; lastKnownFileType = sourcecode.c.h; path = PreviewBuilderTest.h; sourceTree = "<group>"; };
		509257FF0F5CC06B00146257 /* PreviewBuilderTest.m */ = {isa = PBXFileReference; fileEncoding = 4; lastKnownFileType = sourcecode.c.objc; path = PreviewBuilderTest.m; sourceTree = "<group>"; };
		50CE95AD0F5BC41500026BB5 /* NibPreview.framework */ = {isa = PBXFileReference; explicitFileType = wrapper.framework; includeInIndex = 0; path = NibPreview.framework; sourceTree = BUILT_PRODUCTS_DIR; };
/* End PBXFileReference section */

/* Begin PBXFrameworksBuildPhase section */
		503E12791404DA30009FA279 /* Frameworks */ = {
			isa = PBXFrameworksBuildPhase;
			buildActionMask = 2147483647;
			files = (
				503E12971404DACF009FA279 /* NibPreview.framework in Frameworks */,
				503E12981404DACF009FA279 /* BlueLocalization.framework in Frameworks */,
				503E127F1404DA30009FA279 /* SenTestingKit.framework in Frameworks */,
				503E12801404DA30009FA279 /* Cocoa.framework in Frameworks */,
				503E12991404DADA009FA279 /* OCMock.framework in Frameworks */,
			);
			runOnlyForDeploymentPostprocessing = 0;
		};
		50CE95AB0F5BC41500026BB5 /* Frameworks */ = {
			isa = PBXFrameworksBuildPhase;
			buildActionMask = 2147483647;
			files = (
				50234D061404DC3F0069676A /* Cocoa.framework in Frameworks */,
				504E09B113005832006B5F4B /* BlueLocalization.framework in Frameworks */,
			);
			runOnlyForDeploymentPostprocessing = 0;
		};
/* End PBXFrameworksBuildPhase section */

/* Begin PBXGroup section */
		19C28FACFE9D520D11CA2CBB /* Products */ = {
			isa = PBXGroup;
			children = (
				50CE95AD0F5BC41500026BB5 /* NibPreview.framework */,
				503E127D1404DA30009FA279 /* NibPreview Tests.octest */,
			);
			name = Products;
			sourceTree = "<group>";
		};
		29B97314FDCFA39411CA2CEA /* NibPreviewLoader */ = {
			isa = PBXGroup;
			children = (
				50234D051404DC3F0069676A /* Cocoa.framework */,
				509254D80F5C68F000146257 /* Framework */,
				509254FE0F5C68FB00146257 /* Tests */,
				29B97317FDCFA39411CA2CEA /* Resources */,
				29B97323FDCFA39411CA2CEA /* Frameworks */,
				19C28FACFE9D520D11CA2CBB /* Products */,
			);
			name = NibPreviewLoader;
			sourceTree = "<group>";
		};
		29B97317FDCFA39411CA2CEA /* Resources */ = {
			isa = PBXGroup;
			children = (
				50857BBE0F5C5448009B4DFE /* NibPreview-Info.plist */,
				509255A70F5C7D1F00146257 /* Test Data */,
				509257C30F5CBBC900146257 /* Unit Tests-Info.plist */,
				508C547014054B3100D354A0 /* Text.rtf */,
			);
			name = Resources;
			sourceTree = "<group>";
		};
		29B97323FDCFA39411CA2CEA /* Frameworks */ = {
			isa = PBXGroup;
			children = (
				1058C7A1FEA54F0111CA2CBB /* Cocoa.framework */,
				5092570F0F5CB24800146257 /* OCMock.framework */,
				29B97324FDCFA39411CA2CEA /* AppKit.framework */,
				13E42FB307B3F0F600E4EEF1 /* CoreData.framework */,
				29B97325FDCFA39411CA2CEA /* Foundation.framework */,
				504E09B013005832006B5F4B /* BlueLocalization.framework */,
				503E127E1404DA30009FA279 /* SenTestingKit.framework */,
				507F061414052B9C0008D824 /* Other Frameworks */,
			);
			name = Frameworks;
			sourceTree = "<group>";
		};
		5051120B11D56F21003A53D7 /* Preview */ = {
			isa = PBXGroup;
			children = (
				5051121511D56F21003A53D7 /* NPPreview.h */,
				5051121611D56F21003A53D7 /* NPPreview.m */,
				5051120C11D56F21003A53D7 /* Loading */,
				5051121711D56F21003A53D7 /* Objects */,
				5051121F11D56F21003A53D7 /* Utilities */,
				5051122811D56F21003A53D7 /* Views */,
			);
			path = Preview;
			sourceTree = "<group>";
		};
		5051120C11D56F21003A53D7 /* Loading */ = {
			isa = PBXGroup;
			children = (
				5051120D11D56F21003A53D7 /* NPBundleLoader.h */,
				5051120E11D56F21003A53D7 /* NPBundleLoader.m */,
				5051120F11D56F21003A53D7 /* NPDescriptionLoader.h */,
				5051121011D56F21003A53D7 /* NPDescriptionLoader.m */,
				5051121111D56F21003A53D7 /* NPObjectPropertyExtensions.h */,
				5051121211D56F21003A53D7 /* NPObjectPropertyExtensions.m */,
				5051121311D56F21003A53D7 /* NPPreviewBuilder.h */,
				5051121411D56F21003A53D7 /* NPPreviewBuilder.m */,
			);
			path = Loading;
			sourceTree = "<group>";
		};
		5051121711D56F21003A53D7 /* Objects */ = {
			isa = PBXGroup;
			children = (
				5051121811D56F21003A53D7 /* NPObject.h */,
				5051121911D56F21003A53D7 /* NPObject.m */,
				5051121A11D56F21003A53D7 /* NPObjectInterfaceExtensions.h */,
				5051121B11D56F21003A53D7 /* NPObjectInterfaceExtensions.m */,
				5051121C11D56F21003A53D7 /* NPObjectInternal.h */,
				5051121D11D56F21003A53D7 /* NPWindowObject.h */,
				5051121E11D56F21003A53D7 /* NPWindowObject.m */,
			);
			path = Objects;
			sourceTree = "<group>";
		};
		5051121F11D56F21003A53D7 /* Utilities */ = {
			isa = PBXGroup;
			children = (
				5051122011D56F21003A53D7 /* NPColorAdditions.h */,
				5051122111D56F21003A53D7 /* NPColorAdditions.m */,
				5051122211D56F21003A53D7 /* NPFontAdditions.h */,
				5051122311D56F21003A53D7 /* NPFontAdditions.m */,
				5051122411D56F21003A53D7 /* NPKeyObjectAdditions.h */,
				5051122511D56F21003A53D7 /* NPKeyObjectAdditions.m */,
				5051122611D56F21003A53D7 /* NPLazyStringValue.h */,
				5051122711D56F21003A53D7 /* NPLazyStringValue.m */,
			);
			path = Utilities;
			sourceTree = "<group>";
		};
		5051122811D56F21003A53D7 /* Views */ = {
			isa = PBXGroup;
			children = (
				5051122911D56F21003A53D7 /* NPWindowView.h */,
				5051122A11D56F21003A53D7 /* NPWindowView.m */,
			);
			path = Views;
			sourceTree = "<group>";
		};
		507F061414052B9C0008D824 /* Other Frameworks */ = {
			isa = PBXGroup;
			children = (
				507F061514052B9C0008D824 /* AppKit.framework */,
				507F061614052B9C0008D824 /* CoreData.framework */,
				507F061714052B9C0008D824 /* Foundation.framework */,
			);
			name = "Other Frameworks";
			sourceTree = "<group>";
		};
		509254D80F5C68F000146257 /* Framework */ = {
			isa = PBXGroup;
			children = (
				5051120B11D56F21003A53D7 /* Preview */,
				509254E20F5C68F000146257 /* Other */,
			);
			name = Framework;
			path = Source/Framework;
			sourceTree = "<group>";
		};
		509254E20F5C68F000146257 /* Other */ = {
			isa = PBXGroup;
			children = (
				509254E30F5C68F000146257 /* NibPreview.h */,
				509254E40F5C68F000146257 /* NibPreview_Prefix.h */,
			);
			path = Other;
			sourceTree = "<group>";
		};
		509254FE0F5C68FB00146257 /* Tests */ = {
			isa = PBXGroup;
			children = (
				509254FF0F5C68FB00146257 /* Loading */,
				5092558A0F5C7C1F00146257 /* UnitTests_Prefix.h */,
			);
			name = Tests;
			path = Source/Tests;
			sourceTree = "<group>";
		};
		509254FF0F5C68FB00146257 /* Loading */ = {
			isa = PBXGroup;
			children = (
				509255870F5C7BF700146257 /* DescriptionLoaderTest.h */,
				509255880F5C7BF700146257 /* DescriptionLoaderTest.m */,
				509257FE0F5CC06B00146257 /* PreviewBuilderTest.h */,
				509257FF0F5CC06B00146257 /* PreviewBuilderTest.m */,
				5021D9F90F669904002ACAF6 /* BundleLoaderTest.h */,
				5021D9FA0F669904002ACAF6 /* BundleLoaderTest.m */,
				5051125D11D57030003A53D7 /* PreviewWriteTest.h */,
				5051125E11D57030003A53D7 /* PreviewWriteTest.m */,
			);
			path = Loading;
			sourceTree = "<group>";
		};
/* End PBXGroup section */

/* Begin PBXHeadersBuildPhase section */
		50CE95A80F5BC41500026BB5 /* Headers */ = {
			isa = PBXHeadersBuildPhase;
			buildActionMask = 2147483647;
			files = (
				509254F40F5C68F000146257 /* NibPreview.h in Headers */,
				5051122B11D56F21003A53D7 /* NPBundleLoader.h in Headers */,
				5051122D11D56F21003A53D7 /* NPDescriptionLoader.h in Headers */,
				5051122F11D56F21003A53D7 /* NPObjectPropertyExtensions.h in Headers */,
				5051123111D56F21003A53D7 /* NPPreviewBuilder.h in Headers */,
				5051123311D56F21003A53D7 /* NPPreview.h in Headers */,
				5051123511D56F21003A53D7 /* NPObject.h in Headers */,
				5051123711D56F21003A53D7 /* NPObjectInterfaceExtensions.h in Headers */,
				5051123911D56F21003A53D7 /* NPObjectInternal.h in Headers */,
				5051123A11D56F21003A53D7 /* NPWindowObject.h in Headers */,
				5051123C11D56F21003A53D7 /* NPColorAdditions.h in Headers */,
				5051123E11D56F21003A53D7 /* NPFontAdditions.h in Headers */,
				5051124011D56F21003A53D7 /* NPKeyObjectAdditions.h in Headers */,
				5051124211D56F21003A53D7 /* NPLazyStringValue.h in Headers */,
				5051124411D56F21003A53D7 /* NPWindowView.h in Headers */,
			);
			runOnlyForDeploymentPostprocessing = 0;
		};
/* End PBXHeadersBuildPhase section */

/* Begin PBXNativeTarget section */
		503E127C1404DA30009FA279 /* NibPreview Tests */ = {
			isa = PBXNativeTarget;
			buildConfigurationList = 503E128F1404DA30009FA279 /* Build configuration list for PBXNativeTarget "NibPreview Tests" */;
			buildPhases = (
				506C0EAB140538EB006A3EC3 /* ShellScript */,
				503E12781404DA30009FA279 /* Sources */,
				503E12791404DA30009FA279 /* Frameworks */,
				503E127A1404DA30009FA279 /* Resources */,
				503E127B1404DA30009FA279 /* ShellScript */,
			);
			buildRules = (
			);
			dependencies = (
				500158F514053181007D64B7 /* PBXTargetDependency */,
			);
			name = "NibPreview Tests";
			productName = "Unit Tests";
			productReference = 503E127D1404DA30009FA279 /* NibPreview Tests.octest */;
			productType = "com.apple.product-type.bundle";
		};
		50CE95AC0F5BC41500026BB5 /* NibPreview */ = {
			isa = PBXNativeTarget;
			buildConfigurationList = 50CE95B10F5BC41600026BB5 /* Build configuration list for PBXNativeTarget "NibPreview" */;
			buildPhases = (
				50CE95A80F5BC41500026BB5 /* Headers */,
				50CE95A90F5BC41500026BB5 /* Resources */,
				50CE95AA0F5BC41500026BB5 /* Sources */,
				50CE95AB0F5BC41500026BB5 /* Frameworks */,
			);
			buildRules = (
			);
			dependencies = (
			);
			name = NibPreview;
			productName = NibPreview;
			productReference = 50CE95AD0F5BC41500026BB5 /* NibPreview.framework */;
			productType = "com.apple.product-type.framework";
		};
/* End PBXNativeTarget section */

/* Begin PBXProject section */
		29B97313FDCFA39411CA2CEA /* Project object */ = {
			isa = PBXProject;
			attributes = {
				LastUpgradeCheck = 0460;
				ORGANIZATIONNAME = "Localization Suite";
			};
			buildConfigurationList = C01FCF4E08A954540054247B /* Build configuration list for PBXProject "NibPreview" */;
			compatibilityVersion = "Xcode 3.2";
			developmentRegion = English;
			hasScannedForEncodings = 1;
			knownRegions = (
				en,
			);
			mainGroup = 29B97314FDCFA39411CA2CEA /* NibPreviewLoader */;
			projectDirPath = "";
			projectRoot = "";
			targets = (
				50CE95AC0F5BC41500026BB5 /* NibPreview */,
				503E127C1404DA30009FA279 /* NibPreview Tests */,
			);
		};
/* End PBXProject section */

/* Begin PBXResourcesBuildPhase section */
		503E127A1404DA30009FA279 /* Resources */ = {
			isa = PBXResourcesBuildPhase;
			buildActionMask = 2147483647;
			files = (
				503E12961404DAC7009FA279 /* Test Data in Resources */,
			);
			runOnlyForDeploymentPostprocessing = 0;
		};
		50CE95A90F5BC41500026BB5 /* Resources */ = {
			isa = PBXResourcesBuildPhase;
			buildActionMask = 2147483647;
			files = (
				508C547114054B3100D354A0 /* Text.rtf in Resources */,
			);
			runOnlyForDeploymentPostprocessing = 0;
		};
/* End PBXResourcesBuildPhase section */

/* Begin PBXShellScriptBuildPhase section */
		503E127B1404DA30009FA279 /* ShellScript */ = {
			isa = PBXShellScriptBuildPhase;
			buildActionMask = 2147483647;
			files = (
			);
			inputPaths = (
			);
			outputPaths = (
			);
			runOnlyForDeploymentPostprocessing = 0;
			shellPath = /bin/sh;
			shellScript = "# Run the unit tests in this test bundle.\n\"${SYSTEM_DEVELOPER_DIR}/Tools/RunUnitTests\"\n";
		};
		506C0EAB140538EB006A3EC3 /* ShellScript */ = {
			isa = PBXShellScriptBuildPhase;
			buildActionMask = 2147483647;
			files = (
			);
			inputPaths = (
			);
			outputPaths = (
			);
			runOnlyForDeploymentPostprocessing = 0;
			shellPath = /bin/sh;
			shellScript = "make tests";
		};
/* End PBXShellScriptBuildPhase section */

/* Begin PBXSourcesBuildPhase section */
		503E12781404DA30009FA279 /* Sources */ = {
			isa = PBXSourcesBuildPhase;
			buildActionMask = 2147483647;
			files = (
				503E12921404DAB8009FA279 /* DescriptionLoaderTest.m in Sources */,
				503E12931404DAB8009FA279 /* PreviewBuilderTest.m in Sources */,
				503E12941404DAB8009FA279 /* BundleLoaderTest.m in Sources */,
				503E12951404DAB8009FA279 /* PreviewWriteTest.m in Sources */,
			);
			runOnlyForDeploymentPostprocessing = 0;
		};
		50CE95AA0F5BC41500026BB5 /* Sources */ = {
			isa = PBXSourcesBuildPhase;
			buildActionMask = 2147483647;
			files = (
				5051122C11D56F21003A53D7 /* NPBundleLoader.m in Sources */,
				5051122E11D56F21003A53D7 /* NPDescriptionLoader.m in Sources */,
				5051123011D56F21003A53D7 /* NPObjectPropertyExtensions.m in Sources */,
				5051123211D56F21003A53D7 /* NPPreviewBuilder.m in Sources */,
				5051123411D56F21003A53D7 /* NPPreview.m in Sources */,
				5051123611D56F21003A53D7 /* NPObject.m in Sources */,
				5051123811D56F21003A53D7 /* NPObjectInterfaceExtensions.m in Sources */,
				5051123B11D56F21003A53D7 /* NPWindowObject.m in Sources */,
				5051123D11D56F21003A53D7 /* NPColorAdditions.m in Sources */,
				5051123F11D56F21003A53D7 /* NPFontAdditions.m in Sources */,
				5051124111D56F21003A53D7 /* NPKeyObjectAdditions.m in Sources */,
				5051124311D56F21003A53D7 /* NPLazyStringValue.m in Sources */,
				5051124511D56F21003A53D7 /* NPWindowView.m in Sources */,
			);
			runOnlyForDeploymentPostprocessing = 0;
		};
/* End PBXSourcesBuildPhase section */

/* Begin PBXTargetDependency section */
		500158F514053181007D64B7 /* PBXTargetDependency */ = {
			isa = PBXTargetDependency;
			target = 50CE95AC0F5BC41500026BB5 /* NibPreview */;
			targetProxy = 500158F414053181007D64B7 /* PBXContainerItemProxy */;
		};
/* End PBXTargetDependency section */

/* Begin XCBuildConfiguration section */
		503E12901404DA30009FA279 /* Debug */ = {
			isa = XCBuildConfiguration;
			buildSettings = {
				ALWAYS_SEARCH_USER_PATHS = NO;
				ARCHS = "$(ARCHS_STANDARD_64_BIT)";
				BUNDLE_LOADER = "$(BUILT_PRODUCTS_DIR)/TestHost.app/Contents/MacOS/TestHost";
				COMBINE_HIDPI_IMAGES = YES;
				COPY_PHASE_STRIP = NO;
				FRAMEWORK_SEARCH_PATHS = (
					"$(DEVELOPER_LIBRARY_DIR)/Frameworks",
					"\"$(SRCROOT)/../Shared/Frameworks\"",
				);
				GCC_C_LANGUAGE_STANDARD = gnu99;
				GCC_DYNAMIC_NO_PIC = NO;
				GCC_ENABLE_OBJC_EXCEPTIONS = YES;
				GCC_PRECOMPILE_PREFIX_HEADER = YES;
				GCC_PREFIX_HEADER = Source/Tests/UnitTests_Prefix.h;
				GCC_PREPROCESSOR_DEFINITIONS = (
					"DEBUG=1",
					"$(inherited)",
				);
				GCC_SYMBOLS_PRIVATE_EXTERN = NO;
				INFOPLIST_FILE = "Resources/Unit Tests-Info.plist";
				MACOSX_DEPLOYMENT_TARGET = 10.7;
				PRODUCT_NAME = "$(TARGET_NAME)";
				TEST_HOST = "$(BUNDLE_LOADER)";
				WRAPPER_EXTENSION = octest;
			};
			name = Debug;
		};
		503E12911404DA30009FA279 /* Release */ = {
			isa = XCBuildConfiguration;
			buildSettings = {
				ALWAYS_SEARCH_USER_PATHS = NO;
				ARCHS = "$(ARCHS_STANDARD_64_BIT)";
				BUNDLE_LOADER = "$(BUILT_PRODUCTS_DIR)/TestHost.app/Contents/MacOS/TestHost";
				COMBINE_HIDPI_IMAGES = YES;
				COPY_PHASE_STRIP = YES;
				DEBUG_INFORMATION_FORMAT = "dwarf-with-dsym";
				FRAMEWORK_SEARCH_PATHS = (
					"$(DEVELOPER_LIBRARY_DIR)/Frameworks",
					"\"$(SRCROOT)/../Shared/Frameworks\"",
				);
				GCC_C_LANGUAGE_STANDARD = gnu99;
				GCC_ENABLE_OBJC_EXCEPTIONS = YES;
				GCC_PRECOMPILE_PREFIX_HEADER = YES;
				GCC_PREFIX_HEADER = Source/Tests/UnitTests_Prefix.h;
				INFOPLIST_FILE = "Resources/Unit Tests-Info.plist";
				MACOSX_DEPLOYMENT_TARGET = 10.7;
				PRODUCT_NAME = "$(TARGET_NAME)";
				TEST_HOST = "$(BUNDLE_LOADER)";
				WRAPPER_EXTENSION = octest;
			};
			name = Release;
		};
		50CE95AF0F5BC41600026BB5 /* Debug */ = {
			isa = XCBuildConfiguration;
			buildSettings = {
				ALWAYS_SEARCH_USER_PATHS = NO;
				CLANG_ENABLE_OBJC_ARC = YES;
				CODE_SIGN_IDENTITY = "Mac Developer";
				COMBINE_HIDPI_IMAGES = YES;
				COPY_PHASE_STRIP = NO;
				DYLIB_COMPATIBILITY_VERSION = 1;
				DYLIB_CURRENT_VERSION = 1;
				FRAMEWORK_SEARCH_PATHS = "\"$(SRCROOT)\"";
				FRAMEWORK_VERSION = A;
				GCC_OPTIMIZATION_LEVEL = 0;
				GCC_PRECOMPILE_PREFIX_HEADER = YES;
				GCC_PREFIX_HEADER = Source/Framework/Other/NibPreview_Prefix.h;
				INFOPLIST_FILE = "Resources/NibPreview-Info.plist";
				INSTALL_PATH = "@executable_path/../Frameworks/";
				LD_RUNPATH_SEARCH_PATHS = /Developer/Library/PrivateFrameworks;
				PRODUCT_NAME = NibPreview;
				PROVISIONING_PROFILE = "";
				SKIP_INSTALL = YES;
			};
			name = Debug;
		};
		50CE95B00F5BC41600026BB5 /* Release */ = {
			isa = XCBuildConfiguration;
			buildSettings = {
				ALWAYS_SEARCH_USER_PATHS = NO;
				CLANG_ENABLE_OBJC_ARC = YES;
				CODE_SIGN_IDENTITY = "Mac Developer";
				COMBINE_HIDPI_IMAGES = YES;
				COPY_PHASE_STRIP = NO;
				DEBUG_INFORMATION_FORMAT = "dwarf-with-dsym";
				DYLIB_COMPATIBILITY_VERSION = 1;
				DYLIB_CURRENT_VERSION = 1;
				FRAMEWORK_SEARCH_PATHS = "\"$(SRCROOT)\"";
				FRAMEWORK_VERSION = A;
				GCC_PRECOMPILE_PREFIX_HEADER = YES;
				GCC_PREFIX_HEADER = Source/Framework/Other/NibPreview_Prefix.h;
				INFOPLIST_FILE = "Resources/NibPreview-Info.plist";
				INSTALL_PATH = "@executable_path/../Frameworks/";
				LD_RUNPATH_SEARCH_PATHS = /Developer/Library/PrivateFrameworks;
				PRODUCT_NAME = NibPreview;
				PROVISIONING_PROFILE = "";
				SKIP_INSTALL = YES;
			};
			name = Release;
		};
		C01FCF4F08A954540054247B /* Debug */ = {
			isa = XCBuildConfiguration;
			buildSettings = {
				ARCHS = "$(ARCHS_STANDARD_64_BIT)";
				CLANG_ENABLE_OBJC_ARC = YES;
				CLANG_WARN_CONSTANT_CONVERSION = YES;
				CLANG_WARN_ENUM_CONVERSION = YES;
				CLANG_WARN_INT_CONVERSION = YES;
				CLANG_WARN__DUPLICATE_METHOD_MATCH = YES;
				GCC_C_LANGUAGE_STANDARD = c99;
				GCC_OPTIMIZATION_LEVEL = 0;
				GCC_VERSION = com.apple.compilers.llvm.clang.1_0;
				GCC_WARN_ABOUT_RETURN_TYPE = YES;
				GCC_WARN_UNINITIALIZED_AUTOS = YES;
				GCC_WARN_UNUSED_VARIABLE = YES;
				MACOSX_DEPLOYMENT_TARGET = 10.6;
				ONLY_ACTIVE_ARCH = YES;
				SDKROOT = macosx;
			};
			name = Debug;
		};
		C01FCF5008A954540054247B /* Release */ = {
			isa = XCBuildConfiguration;
			buildSettings = {
				ARCHS = "$(ARCHS_STANDARD_64_BIT)";
				CLANG_ENABLE_OBJC_ARC = YES;
				CLANG_WARN_CONSTANT_CONVERSION = YES;
				CLANG_WARN_ENUM_CONVERSION = YES;
				CLANG_WARN_INT_CONVERSION = YES;
				CLANG_WARN__DUPLICATE_METHOD_MATCH = YES;
				GCC_C_LANGUAGE_STANDARD = c99;
				GCC_VERSION = com.apple.compilers.llvm.clang.1_0;
				GCC_WARN_ABOUT_RETURN_TYPE = YES;
				GCC_WARN_UNINITIALIZED_AUTOS = YES;
				GCC_WARN_UNUSED_VARIABLE = YES;
				MACOSX_DEPLOYMENT_TARGET = 10.6;
				SDKROOT = macosx;
			};
			name = Release;
		};
/* End XCBuildConfiguration section */

/* Begin XCConfigurationList section */
		503E128F1404DA30009FA279 /* Build configuration list for PBXNativeTarget "NibPreview Tests" */ = {
			isa = XCConfigurationList;
			buildConfigurations = (
				503E12901404DA30009FA279 /* Debug */,
				503E12911404DA30009FA279 /* Release */,
			);
			defaultConfigurationIsVisible = 0;
			defaultConfigurationName = Release;
		};
		50CE95B10F5BC41600026BB5 /* Build configuration list for PBXNativeTarget "NibPreview" */ = {
			isa = XCConfigurationList;
			buildConfigurations = (
				50CE95AF0F5BC41600026BB5 /* Debug */,
				50CE95B00F5BC41600026BB5 /* Release */,
			);
			defaultConfigurationIsVisible = 0;
			defaultConfigurationName = Release;
		};
		C01FCF4E08A954540054247B /* Build configuration list for PBXProject "NibPreview" */ = {
			isa = XCConfigurationList;
			buildConfigurations = (
				C01FCF4F08A954540054247B /* Debug */,
				C01FCF5008A954540054247B /* Release */,
			);
			defaultConfigurationIsVisible = 0;
			defaultConfigurationName = Release;
		};
/* End XCConfigurationList section */
	};
	rootObject = 29B97313FDCFA39411CA2CEA /* Project object */;
}
